
Microsoft Visual Studio Solution File, Format Version 12.00
# Visual Studio Version 17
VisualStudioVersion = 17.5.002.0
MinimumVisualStudioVersion = 10.0.40219.1
Project("{9A19103F-16F7-4668-BE54-9A1E7A4F7556}") = "ProjetoGeometria", "ProjetoGeometria.csproj", "{2D5555DE-F2EE-4398-9295-D44F0453A4DD}"
EndProject
Global
	GlobalSection(SolutionConfigurationPlatforms) = preSolution
		Debug|Any CPU = Debug|Any CPU
		Release|Any CPU = Release|Any CPU
	EndGlobalSection
	GlobalSection(ProjectConfigurationPlatforms) = postSolution
		{2D5555DE-F2EE-4398-9295-D44F0453A4DD}.Debug|Any CPU.ActiveCfg = Debug|Any CPU
		{2D5555DE-F2EE-4398-9295-D44F0453A4DD}.Debug|Any CPU.Build.0 = Debug|Any CPU
		{2D5555DE-F2EE-4398-9295-D44F0453A4DD}.Release|Any CPU.ActiveCfg = Release|Any CPU
		{2D5555DE-F2EE-4398-9295-D44F0453A4DD}.Release|Any CPU.Build.0 = Release|Any CPU
	EndGlobalSection
	GlobalSection(SolutionProperties) = preSolution
		HideSolutionNode = FALSE
	EndGlobalSection
	GlobalSection(ExtensibilityGlobals) = postSolution
		SolutionGuid = {1325DF1E-5FB2-40A9-8853-412778FC72C8}
	EndGlobalSection
EndGlobal
